
Microsoft Visual Studio Solution File, Format Version 12.00
# Visual Studio 15
VisualStudioVersion = 15.0.36001.139
MinimumVisualStudioVersion = 10.0.40219.1
Project("{8BC9CEB8-8B4A-11D0-8D11-00A0C91BC942}") = "IPcalc", "IPcalc\IPcalc.vcxproj", "{90351DAB-5EF5-408D-AC77-30DC237278A8}"
EndProject
Project("{8BC9CEB8-8B4A-11D0-8D11-00A0C91BC942}") = "WinSockClient", "WinSockClient\WinSockClient.vcxproj", "{039775FE-52B2-4E89-A04E-3C1D0B95362D}"
EndProject
Project("{8BC9CEB8-8B4A-11D0-8D11-00A0C91BC942}") = "WinSockServer", "WinSockServer\WinSockServer.vcxproj", "{2A4C24E9-BD94-4E60-8233-32A5773AB27C}"
EndProject
Project("{8BC9CEB8-8B4A-11D0-8D11-00A0C91BC942}") = "FormatLastError", "FormatLastError\FormatLastError.vcxproj", "{207C3DCA-51A2-4190-A006-4C78A3E516B4}"
EndProject
Global
	GlobalSection(SolutionConfigurationPlatforms) = preSolution
		Debug|x64 = Debug|x64
		Debug|x86 = Debug|x86
		Release|x64 = Release|x64
		Release|x86 = Release|x86
	EndGlobalSection
	GlobalSection(ProjectConfigurationPlatforms) = postSolution
		{90351DAB-5EF5-408D-AC77-30DC237278A8}.Debug|x64.ActiveCfg = Debug|x64
		{90351DAB-5EF5-408D-AC77-30DC237278A8}.Debug|x64.Build.0 = Debug|x64
		{90351DAB-5EF5-408D-AC77-30DC237278A8}.Debug|x86.ActiveCfg = Debug|Win32
		{90351DAB-5EF5-408D-AC77-30DC237278A8}.Debug|x86.Build.0 = Debug|Win32
		{90351DAB-5EF5-408D-AC77-30DC237278A8}.Release|x64.ActiveCfg = Release|x64
		{90351DAB-5EF5-408D-AC77-30DC237278A8}.Release|x64.Build.0 = Release|x64
		{90351DAB-5EF5-408D-AC77-30DC237278A8}.Release|x86.ActiveCfg = Release|Win32
		{90351DAB-5EF5-408D-AC77-30DC237278A8}.Release|x86.Build.0 = Release|Win32
		{039775FE-52B2-4E89-A04E-3C1D0B95362D}.Debug|x64.ActiveCfg = Debug|x64
		{039775FE-52B2-4E89-A04E-3C1D0B95362D}.Debug|x64.Build.0 = Debug|x64
		{039775FE-52B2-4E89-A04E-3C1D0B95362D}.Debug|x86.ActiveCfg = Debug|Win32
		{039775FE-52B2-4E89-A04E-3C1D0B95362D}.Debug|x86.Build.0 = Debug|Win32
		{039775FE-52B2-4E89-A04E-3C1D0B95362D}.Release|x64.ActiveCfg = Release|x64
		{039775FE-52B2-4E89-A04E-3C1D0B95362D}.Release|x64.Build.0 = Release|x64
		{039775FE-52B2-4E89-A04E-3C1D0B95362D}.Release|x86.ActiveCfg = Release|Win32
		{039775FE-52B2-4E89-A04E-3C1D0B95362D}.Release|x86.Build.0 = Release|Win32
		{2A4C24E9-BD94-4E60-8233-32A5773AB27C}.Debug|x64.ActiveCfg = Debug|x64
		{2A4C24E9-BD94-4E60-8233-32A5773AB27C}.Debug|x64.Build.0 = Debug|x64
		{2A4C24E9-BD94-4E60-8233-32A5773AB27C}.Debug|x86.ActiveCfg = Debug|Win32
		{2A4C24E9-BD94-4E60-8233-32A5773AB27C}.Debug|x86.Build.0 = Debug|Win32
		{2A4C24E9-BD94-4E60-8233-32A5773AB27C}.Release|x64.ActiveCfg = Release|x64
		{2A4C24E9-BD94-4E60-8233-32A5773AB27C}.Release|x64.Build.0 = Release|x64
		{2A4C24E9-BD94-4E60-8233-32A5773AB27C}.Release|x86.ActiveCfg = Release|Win32
		{2A4C24E9-BD94-4E60-8233-32A5773AB27C}.Release|x86.Build.0 = Release|Win32
		{207C3DCA-51A2-4190-A006-4C78A3E516B4}.Debug|x64.ActiveCfg = Debug|x64
		{207C3DCA-51A2-4190-A006-4C78A3E516B4}.Debug|x64.Build.0 = Debug|x64
		{207C3DCA-51A2-4190-A006-4C78A3E516B4}.Debug|x86.ActiveCfg = Debug|Win32
		{207C3DCA-51A2-4190-A006-4C78A3E516B4}.Debug|x86.Build.0 = Debug|Win32
		{207C3DCA-51A2-4190-A006-4C78A3E516B4}.Release|x64.ActiveCfg = Release|x64
		{207C3DCA-51A2-4190-A006-4C78A3E516B4}.Release|x64.Build.0 = Release|x64
		{207C3DCA-51A2-4190-A006-4C78A3E516B4}.Release|x86.ActiveCfg = Release|Win32
		{207C3DCA-51A2-4190-A006-4C78A3E516B4}.Release|x86.Build.0 = Release|Win32
	EndGlobalSection
	GlobalSection(SolutionProperties) = preSolution
		HideSolutionNode = FALSE
	EndGlobalSection
	GlobalSection(ExtensibilityGlobals) = postSolution
		SolutionGuid = {8FC86CB3-092F-4E5A-806B-60FE68A8C51A}
	EndGlobalSection
EndGlobal
